
Microsoft Visual Studio Solution File, Format Version 12.00
# Visual Studio 2013
VisualStudioVersion = 12.0.30501.0
MinimumVisualStudioVersion = 10.0.40219.1
Project("{FAE04EC0-301F-11D3-BF4B-00C04F79EFBC}") = "StudentsManager", "StudentsManager\StudentsManager.csproj", "{B5C78380-B196-4ED3-A0E6-DE3E63B1D96C}"
EndProject
Project("{FAE04EC0-301F-11D3-BF4B-00C04F79EFBC}") = "Logic", "Logic\Logic.csproj", "{E2D28C9B-45ED-45CD-8986-53742E817770}"
EndProject
Project("{FAE04EC0-301F-11D3-BF4B-00C04F79EFBC}") = "DAL", "DAL\DAL.csproj", "{C154BEC7-3AD4-4D4F-8317-F889495E9BDA}"
EndProject
Global
	GlobalSection(SolutionConfigurationPlatforms) = preSolution
		Debug|Any CPU = Debug|Any CPU
		Release|Any CPU = Release|Any CPU
	EndGlobalSection
	GlobalSection(ProjectConfigurationPlatforms) = postSolution
		{B5C78380-B196-4ED3-A0E6-DE3E63B1D96C}.Debug|Any CPU.ActiveCfg = Debug|Any CPU
		{B5C78380-B196-4ED3-A0E6-DE3E63B1D96C}.Debug|Any CPU.Build.0 = Debug|Any CPU
		{B5C78380-B196-4ED3-A0E6-DE3E63B1D96C}.Release|Any CPU.ActiveCfg = Release|Any CPU
		{B5C78380-B196-4ED3-A0E6-DE3E63B1D96C}.Release|Any CPU.Build.0 = Release|Any CPU
		{E2D28C9B-45ED-45CD-8986-53742E817770}.Debug|Any CPU.ActiveCfg = Debug|Any CPU
		{E2D28C9B-45ED-45CD-8986-53742E817770}.Debug|Any CPU.Build.0 = Debug|Any CPU
		{E2D28C9B-45ED-45CD-8986-53742E817770}.Release|Any CPU.ActiveCfg = Release|Any CPU
		{E2D28C9B-45ED-45CD-8986-53742E817770}.Release|Any CPU.Build.0 = Release|Any CPU
		{C154BEC7-3AD4-4D4F-8317-F889495E9BDA}.Debug|Any CPU.ActiveCfg = Debug|Any CPU
		{C154BEC7-3AD4-4D4F-8317-F889495E9BDA}.Debug|Any CPU.Build.0 = Debug|Any CPU
		{C154BEC7-3AD4-4D4F-8317-F889495E9BDA}.Release|Any CPU.ActiveCfg = Release|Any CPU
		{C154BEC7-3AD4-4D4F-8317-F889495E9BDA}.Release|Any CPU.Build.0 = Release|Any CPU
	EndGlobalSection
	GlobalSection(SolutionProperties) = preSolution
		HideSolutionNode = FALSE
	EndGlobalSection
EndGlobal
